{
    "_readme": [
        "This file locks the dependencies of your project to a known state",
        "Read more about it at https://getcomposer.org/doc/01-basic-usage.md#composer-lock-the-lock-file",
        "This file is @generated automatically"
    ],
    "hash": "bfa6034fb73fb2bcddf110cc26332702",
    "packages": [
        {
            "name": "aseba/curl",
            "version": "dev-master",
            "source": {
                "type": "git",
                "url": "https://github.com/martinssipenko/curl.git",
                "reference": "1e981d42751f4762dce905c66e0f751f28f82373"
            },
            "dist": {
                "type": "zip",
                "url": "https://api.github.com/repos/martinssipenko/curl/zipball/1e981d42751f4762dce905c66e0f751f28f82373",
                "reference": "1e981d42751f4762dce905c66e0f751f28f82373",
                "shasum": ""
            },
            "type": "composer",
            "autoload": {
                "classmap": [
                    "."
                ]
            },
            "notification-url": "https://packagist.org/downloads/",
            "license": [
                "MIT"
            ],
            "description": "PHP Instagram API client",
            "time": "2014-07-18 18:17:47"
        },
        {
            "name": "aseba/php-instagram-lib",
            "version": "dev-master",
            "source": {
                "type": "git",
                "url": "https://github.com/martinssipenko/php-instagram-lib.git",
                "reference": "aff10fb096c2a3908472abc89a15029c0d7bffcc"
            },
            "dist": {
                "type": "zip",
                "url": "https://api.github.com/repos/martinssipenko/php-instagram-lib/zipball/aff10fb096c2a3908472abc89a15029c0d7bffcc",
                "reference": "aff10fb096c2a3908472abc89a15029c0d7bffcc",
                "shasum": ""
            },
            "require": {
                "aseba/curl": "dev-master"
            },
            "type": "composer",
            "autoload": {
                "classmap": [
                    "."
                ]
            },
            "notification-url": "https://packagist.org/downloads/",
            "license": [
                "MIT"
            ],
            "description": "PHP Instagram API client",
            "time": "2014-07-18 19:16:22"
        },
        {
            "name": "videlalvaro/php-amqplib",
            "version": "v2.5.1",
            "source": {
                "type": "git",
                "url": "https://github.com/videlalvaro/php-amqplib.git",
                "reference": "3eb257444961f1ca7e6415c6e6f3c3e7a8e1d3fa"
            },
            "dist": {
                "type": "zip",
                "url": "https://api.github.com/repos/videlalvaro/php-amqplib/zipball/3eb257444961f1ca7e6415c6e6f3c3e7a8e1d3fa",
                "reference": "3eb257444961f1ca7e6415c6e6f3c3e7a8e1d3fa",
                "shasum": ""
            },
            "require": {
                "ext-bcmath": "*",
                "ext-mbstring": "*",
                "php": ">=5.3.0"
            },
            "require-dev": {
                "phpunit/phpunit": "3.7.*"
            },
            "suggest": {
                "ext-sockets": "Use AMQPSocketConnection"
            },
            "type": "library",
            "extra": {
                "branch-alias": {
                    "dev-master": "2.4-dev"
                }
            },
            "autoload": {
                "psr-0": {
                    "PhpAmqpLib": ""
                }
            },
            "notification-url": "https://packagist.org/downloads/",
            "license": [
                "LGPL-2.1"
            ],
            "authors": [
                {
                    "name": "Alvaro Videla"
                }
            ],
            "description": "This library is a pure PHP implementation of the AMQP protocol. It's been tested against RabbitMQ.",
            "homepage": "https://github.com/videlalvaro/php-amqplib/",
            "keywords": [
                "message",
                "queue",
                "rabbitmq"
            ],
            "time": "2015-06-16 08:18:39"
        }
    ],
    "packages-dev": [],
    "aliases": [],
    "minimum-stability": "dev",
    "stability-flags": {
        "aseba/php-instagram-lib": 20
    },
    "prefer-stable": true,
    "prefer-lowest": false,
    "platform": {
        "php": ">=5.5"
    },
    "platform-dev": []
}
